// !$*UTF8*$!
{
	archiveVersion = 1;
	classes = {
	};
	objectVersion = 46;
	objects = {
/* Begin PBXBuildFile section */
		0207DA581B56EA530066E2B4 /* Images.xcassets in Resources */ = {isa = PBXBuildFile; fileRef = 0207DA571B56EA530066E2B4 /* Images.xcassets */; };
		10A52CE0F9114A619FBEDD6E /* QuartzCore.framework in Frameworks */ = {isa = PBXBuildFile; fileRef = BDF5D5F9C40245C29C52388B /* QuartzCore.framework */; };
		1D3623260D0F684500981E51 /* AppDelegate.m in Sources */ = {isa = PBXBuildFile; fileRef = 1D3623250D0F684500981E51 /* AppDelegate.m */; };
		1D60589B0D05DD56006BFB54 /* main.m in Sources */ = {isa = PBXBuildFile; fileRef = 29B97316FDCFA39411CA2CEA /* main.m */; };
		301BF552109A68D80062928A /* libCordova.a in Frameworks */ = {isa = PBXBuildFile; fileRef = 301BF535109A57CC0062928A /* libCordova.a */; };
		302D95F114D2391D003F00A1 /* MainViewController.m in Sources */ = {isa = PBXBuildFile; fileRef = 302D95EF14D2391D003F00A1 /* MainViewController.m */; };
		302D95F214D2391D003F00A1 /* MainViewController.xib in Resources */ = {isa = PBXBuildFile; fileRef = 302D95F014D2391D003F00A1 /* MainViewController.xib */; };
		38C878A4B3854D89869DA619 /* zxing-all-in-one.cpp in Sources */ = {isa = PBXBuildFile; fileRef = 252143397EC1420890FCAE19 /* zxing-all-in-one.cpp */; };
		3FC22C629A6C46B2B4F28BFC /* CoreVideo.framework in Frameworks */ = {isa = PBXBuildFile; fileRef = 34A1FD9DF7654AC49EEE6ED0 /* CoreVideo.framework */; };
		50BBA0EB099A4B66985E6FE2 /* AudioToolbox.framework in Frameworks */ = {isa = PBXBuildFile; fileRef = 3471BF30549C4AF8BD3AA232 /* AudioToolbox.framework */; };
		62ADC3CF168A4A6794488F84 /* CDVIonicKeyboard.m in Sources */ = {isa = PBXBuildFile; fileRef = 0E135774577242199F470A16 /* CDVIonicKeyboard.m */; };
		662705E3B58D43A0B4C4339F /* libiconv.dylib in Frameworks */ = {isa = PBXBuildFile; fileRef = 709FBF3F086F48779A5487D5 /* libiconv.dylib */; };
		6AFF5BF91D6E424B00AB3073 /* CDVLaunchScreen.storyboard in Resources */ = {isa = PBXBuildFile; fileRef = 6AFF5BF81D6E424B00AB3073 /* CDVLaunchScreen.storyboard */; };
		6FE084B7FD9F404A9D6C0F8D /* CDVBarcodeScanner.bundle in Resources */ = {isa = PBXBuildFile; fileRef = 8E4DB26DAEAC448BADB92F6A /* CDVBarcodeScanner.bundle */; };
		A531E37338D44B8EAEFE514F /* CoreLocation.framework in Frameworks */ = {isa = PBXBuildFile; fileRef = 5B725B7D3A5F49729E64EAAC /* CoreLocation.framework */; };
		A8CEFE703EB54D4EB8667C1C /* CoreImage.framework in Frameworks */ = {isa = PBXBuildFile; fileRef = F8B1A6E43AFB47938F20842E /* CoreImage.framework */; };
		C2EE43183F224F128BB766CF /* CDVBarcodeScanner.mm in Sources */ = {isa = PBXBuildFile; fileRef = B917BCA1BF574BDD9BDFA23B /* CDVBarcodeScanner.mm */; settings = {COMPILER_FLAGS = "-fno-objc-arc"; }; };
		C71A4286D2CE4A758BAB61FE /* AVFoundation.framework in Frameworks */ = {isa = PBXBuildFile; fileRef = 1071199F4A974F4C8E40268B /* AVFoundation.framework */; };
		D2A9BBB92BDE434AA03D5125 /* scannerOverlay.xib in Resources */ = {isa = PBXBuildFile; fileRef = 4F54380BF06442898420B03A /* scannerOverlay.xib */; };
		202947A2160943CCBF0E9A26 /* Diagnostic.m in Sources */ = {isa = PBXBuildFile; fileRef = 6BC3F97E17604B308E2F9898 /* Diagnostic.m */; };
		00234DF650444AC3B95F029A /* Diagnostic_Location.m in Sources */ = {isa = PBXBuildFile; fileRef = E2634C4377434AC28A2FC254 /* Diagnostic_Location.m */; };
		A54D85F1B9C642D9BBB77D1E /* Diagnostic_Bluetooth.m in Sources */ = {isa = PBXBuildFile; fileRef = 6071715AA0E848A8BA17636F /* Diagnostic_Bluetooth.m */; };
		F943CBDEF51C432CA4F22DAC /* Diagnostic_Wifi.m in Sources */ = {isa = PBXBuildFile; fileRef = 1000F4BC0EC74BFC90331A73 /* Diagnostic_Wifi.m */; };
		00CB41ACB8A746FEA2F01BCE /* Diagnostic_Camera.m in Sources */ = {isa = PBXBuildFile; fileRef = 11F3E8F9B9AD4996BA72F1EF /* Diagnostic_Camera.m */; };
		045228829A2F48D4BC317D38 /* Diagnostic_Notifications.m in Sources */ = {isa = PBXBuildFile; fileRef = D7D0E38116BA45B5AEABA223 /* Diagnostic_Notifications.m */; };
		493998C569DC4FCC82B2A5B5 /* Diagnostic_Microphone.m in Sources */ = {isa = PBXBuildFile; fileRef = 1DA84820E1214E6D845F1FBB /* Diagnostic_Microphone.m */; };
		AAE48C9F21604DCFAAAA362D /* Diagnostic_Contacts.m in Sources */ = {isa = PBXBuildFile; fileRef = 3AD0A2787FE347C5AAA1CCFA /* Diagnostic_Contacts.m */; };
		BE52437D755D4D9F9AC079E3 /* Diagnostic_Calendar.m in Sources */ = {isa = PBXBuildFile; fileRef = E5A2D083B07B47FFACE317A0 /* Diagnostic_Calendar.m */; };
		2078E01629DE4BF18BE31BCD /* Diagnostic_Reminders.m in Sources */ = {isa = PBXBuildFile; fileRef = 7C6D2C8912754D1AB93D4027 /* Diagnostic_Reminders.m */; };
		670B138C4C28463084BAC35D /* Diagnostic_Motion.m in Sources */ = {isa = PBXBuildFile; fileRef = 1A98955B773A4B1C9417E003 /* Diagnostic_Motion.m */; };
		E89EC5D230D642B0BCD2D4BC /* CoreBluetooth.framework in Frameworks */ = {isa = PBXBuildFile; fileRef = A009FFBCC92243EE8040ACF9 /* CoreBluetooth.framework */; };
		DDDAEDB052A6465C927AFD18 /* Photos.framework in Frameworks */ = {isa = PBXBuildFile; fileRef = AE05013021364D1A9089CBD5 /* Photos.framework */; };
		941438CED7B645B3B9A57B75 /* UserNotifications.framework in Frameworks */ = {isa = PBXBuildFile; fileRef = 1AEF8A9799094B0192B2ADB7 /* UserNotifications.framework */; };
		6BFCB72A886A4B58832D6C97 /* Contacts.framework in Frameworks */ = {isa = PBXBuildFile; fileRef = CBF23368DA31405DB411290E /* Contacts.framework */; };
		347DA3F6312844D1A4161A4B /* AddressBook.framework in Frameworks */ = {isa = PBXBuildFile; fileRef = 61DB9BC56FB541C1A99FC0DF /* AddressBook.framework */; };
		F049EACBB7454A9193AC9590 /* EventKit.framework in Frameworks */ = {isa = PBXBuildFile; fileRef = C35C70F329234A45BA37EC88 /* EventKit.framework */; };
		CEBE22C380DF4489BE27A5D2 /* CoreMotion.framework in Frameworks */ = {isa = PBXBuildFile; fileRef = 398DDF5C0ABA41FF85B5C13A /* CoreMotion.framework */; };
		660F2BA0ED9D4BD1BB9B6618 /* UIImage+CropScaleOrientation.m in Sources */ = {isa = PBXBuildFile; fileRef = D74D9A9C6EB649828F80E350 /* UIImage+CropScaleOrientation.m */; };
		2A9AF65307C64602AE58B54E /* CDVCamera.m in Sources */ = {isa = PBXBuildFile; fileRef = 7F5C1272718A462794B3B5C0 /* CDVCamera.m */; };
		3EDDB90573294372909ED04E /* CDVJpegHeaderWriter.m in Sources */ = {isa = PBXBuildFile; fileRef = D73611CAC1FE4CD1ADB6AC18 /* CDVJpegHeaderWriter.m */; };
		CFA78C7A175A41F8869F8245 /* ImageIO.framework in Frameworks */ = {isa = PBXBuildFile; fileRef = 6A071E1A08B5406D80C5061D /* ImageIO.framework */; settings = {ATTRIBUTES = (Weak, ); }; };
/* End PBXBuildFile section */

/* Begin PBXContainerItemProxy section */
		301BF534109A57CC0062928A /* PBXContainerItemProxy */ = {
			isa = PBXContainerItemProxy;
			containerPortal = 301BF52D109A57CC0062928A /* CordovaLib/CordovaLib.xcodeproj */;
			proxyType = 2;
			remoteGlobalIDString = D2AAC07E0554694100DB518D;
			remoteInfo = CordovaLib;
		};
		301BF550109A68C00062928A /* PBXContainerItemProxy */ = {
			isa = PBXContainerItemProxy;
			containerPortal = 301BF52D109A57CC0062928A /* CordovaLib/CordovaLib.xcodeproj */;
			proxyType = 1;
			remoteGlobalIDString = D2AAC07D0554694100DB518D;
			remoteInfo = CordovaLib;
		};
		3ED1AB18205C05BA005BB23D /* PBXContainerItemProxy */ = {
			isa = PBXContainerItemProxy;
			containerPortal = 301BF52D109A57CC0062928A /* CordovaLib/CordovaLib.xcodeproj */;
			proxyType = 2;
			remoteGlobalIDString = C0C01EB21E3911D50056E6CB;
			remoteInfo = Cordova;
		};
/* End PBXContainerItemProxy section */

/* Begin PBXFileReference section */
		0207DA571B56EA530066E2B4 /* Images.xcassets */ = {isa = PBXFileReference; lastKnownFileType = folder.assetcatalog; name = Images.xcassets; path = "HexaSalon 2018/Images.xcassets"; sourceTree = SOURCE_ROOT; };
		0E135774577242199F470A16 /* CDVIonicKeyboard.m */ = {isa = PBXFileReference; explicitFileType = undefined; fileEncoding = 4; includeInIndex = 0; lastKnownFileType = sourcecode.c.objc; name = CDVIonicKeyboard.m; path = "cordova-plugin-ionic-keyboard/CDVIonicKeyboard.m"; sourceTree = "<group>"; };
		1071199F4A974F4C8E40268B /* AVFoundation.framework */ = {isa = PBXFileReference; explicitFileType = undefined; fileEncoding = 9; includeInIndex = 0; lastKnownFileType = wrapper.framework; name = AVFoundation.framework; path = System/Library/Frameworks/AVFoundation.framework; sourceTree = SDKROOT; };
		1D3623240D0F684500981E51 /* AppDelegate.h */ = {isa = PBXFileReference; fileEncoding = 4; lastKnownFileType = sourcecode.c.h; path = AppDelegate.h; sourceTree = "<group>"; };
		1D3623250D0F684500981E51 /* AppDelegate.m */ = {isa = PBXFileReference; fileEncoding = 4; lastKnownFileType = sourcecode.c.objc; path = AppDelegate.m; sourceTree = "<group>"; };
		1D6058910D05DD3D006BFB54 /* HexaSalon 2018.app */ = {isa = PBXFileReference; explicitFileType = wrapper.application; includeInIndex = 0; path = "HexaSalon 2018.app"; sourceTree = BUILT_PRODUCTS_DIR; };
		252143397EC1420890FCAE19 /* zxing-all-in-one.cpp */ = {isa = PBXFileReference; explicitFileType = undefined; fileEncoding = 9; includeInIndex = 0; lastKnownFileType = unknown; name = "zxing-all-in-one.cpp"; path = "phonegap-plugin-barcodescanner/zxing-all-in-one.cpp"; sourceTree = "<group>"; };
		29B97316FDCFA39411CA2CEA /* main.m */ = {isa = PBXFileReference; fileEncoding = 4; lastKnownFileType = sourcecode.c.objc; path = main.m; sourceTree = "<group>"; };
		301BF52D109A57CC0062928A /* CordovaLib/CordovaLib.xcodeproj */ = {isa = PBXFileReference; lastKnownFileType = "wrapper.pb-project"; path = CordovaLib/CordovaLib.xcodeproj; sourceTree = "<group>"; };
		301BF56E109A69640062928A /* www */ = {isa = PBXFileReference; lastKnownFileType = folder; path = www; sourceTree = SOURCE_ROOT; };
		302D95EE14D2391D003F00A1 /* MainViewController.h */ = {isa = PBXFileReference; fileEncoding = 4; lastKnownFileType = sourcecode.c.h; path = MainViewController.h; sourceTree = "<group>"; };
		302D95EF14D2391D003F00A1 /* MainViewController.m */ = {isa = PBXFileReference; fileEncoding = 4; lastKnownFileType = sourcecode.c.objc; path = MainViewController.m; sourceTree = "<group>"; };
		302D95F014D2391D003F00A1 /* MainViewController.xib */ = {isa = PBXFileReference; fileEncoding = 4; lastKnownFileType = file.xib; path = MainViewController.xib; sourceTree = "<group>"; };
		3047A50F1AB8059700498E2A /* build-debug.xcconfig */ = {isa = PBXFileReference; fileEncoding = 4; lastKnownFileType = text.xcconfig; name = "build-debug.xcconfig"; path = "cordova/build-debug.xcconfig"; sourceTree = SOURCE_ROOT; };
		3047A5101AB8059700498E2A /* build-release.xcconfig */ = {isa = PBXFileReference; fileEncoding = 4; lastKnownFileType = text.xcconfig; name = "build-release.xcconfig"; path = "cordova/build-release.xcconfig"; sourceTree = SOURCE_ROOT; };
		3047A5111AB8059700498E2A /* build.xcconfig */ = {isa = PBXFileReference; fileEncoding = 4; lastKnownFileType = text.xcconfig; name = build.xcconfig; path = cordova/build.xcconfig; sourceTree = SOURCE_ROOT; };
		32CA4F630368D1EE00C91783 /* HexaSalon 2018-Prefix.pch */ = {isa = PBXFileReference; fileEncoding = 4; lastKnownFileType = sourcecode.c.h; path = "HexaSalon 2018-Prefix.pch"; sourceTree = "<group>"; };
		3471BF30549C4AF8BD3AA232 /* AudioToolbox.framework */ = {isa = PBXFileReference; explicitFileType = undefined; fileEncoding = 9; includeInIndex = 0; lastKnownFileType = wrapper.framework; name = AudioToolbox.framework; path = System/Library/Frameworks/AudioToolbox.framework; sourceTree = SDKROOT; };
		34A1FD9DF7654AC49EEE6ED0 /* CoreVideo.framework */ = {isa = PBXFileReference; explicitFileType = undefined; fileEncoding = 9; includeInIndex = 0; lastKnownFileType = wrapper.framework; name = CoreVideo.framework; path = System/Library/Frameworks/CoreVideo.framework; sourceTree = SDKROOT; };
		4F54380BF06442898420B03A /* scannerOverlay.xib */ = {isa = PBXFileReference; explicitFileType = undefined; fileEncoding = 9; includeInIndex = 0; lastKnownFileType = file.xib; path = scannerOverlay.xib; sourceTree = "<group>"; };
		5B725B7D3A5F49729E64EAAC /* CoreLocation.framework */ = {isa = PBXFileReference; explicitFileType = undefined; fileEncoding = 9; includeInIndex = 0; lastKnownFileType = wrapper.framework; name = CoreLocation.framework; path = System/Library/Frameworks/CoreLocation.framework; sourceTree = SDKROOT; };
		6AFF5BF81D6E424B00AB3073 /* CDVLaunchScreen.storyboard */ = {isa = PBXFileReference; fileEncoding = 4; lastKnownFileType = file.storyboard; name = CDVLaunchScreen.storyboard; path = "HexaSalon 2018/CDVLaunchScreen.storyboard"; sourceTree = SOURCE_ROOT; };
		709FBF3F086F48779A5487D5 /* libiconv.dylib */ = {isa = PBXFileReference; explicitFileType = undefined; fileEncoding = 9; includeInIndex = 0; lastKnownFileType = "compiled.mach-o.dylib"; name = libiconv.dylib; path = usr/lib/libiconv.dylib; sourceTree = SDKROOT; };
		8D1107310486CEB800E47090 /* HexaSalon 2018-Info.plist */ = {isa = PBXFileReference; fileEncoding = 4; lastKnownFileType = text.plist.xml; name = "HexaSalon 2018-Info.plist"; path = "HexaSalon 2018/HexaSalon 2018-Info.plist"; plistStructureDefinitionIdentifier = "com.apple.xcode.plist.structure-definition.iphone.info-plist"; sourceTree = SOURCE_ROOT; };
		8E4DB26DAEAC448BADB92F6A /* CDVBarcodeScanner.bundle */ = {isa = PBXFileReference; explicitFileType = undefined; fileEncoding = 9; includeInIndex = 0; lastKnownFileType = "wrapper.plug-in"; path = CDVBarcodeScanner.bundle; sourceTree = "<group>"; };
		AE7448E1C3FD412E8513B654 /* CDVIonicKeyboard.h */ = {isa = PBXFileReference; explicitFileType = undefined; fileEncoding = 4; includeInIndex = 0; lastKnownFileType = sourcecode.c.h; name = CDVIonicKeyboard.h; path = "cordova-plugin-ionic-keyboard/CDVIonicKeyboard.h"; sourceTree = "<group>"; };
		B6E9EF301A5243649F1792D5 /* zxing-all-in-one.h */ = {isa = PBXFileReference; explicitFileType = undefined; fileEncoding = 4; includeInIndex = 0; lastKnownFileType = sourcecode.c.h; name = "zxing-all-in-one.h"; path = "phonegap-plugin-barcodescanner/zxing-all-in-one.h"; sourceTree = "<group>"; };
		B917BCA1BF574BDD9BDFA23B /* CDVBarcodeScanner.mm */ = {isa = PBXFileReference; explicitFileType = undefined; fileEncoding = 9; includeInIndex = 0; lastKnownFileType = unknown; name = CDVBarcodeScanner.mm; path = "phonegap-plugin-barcodescanner/CDVBarcodeScanner.mm"; sourceTree = "<group>"; };
		BDF5D5F9C40245C29C52388B /* QuartzCore.framework */ = {isa = PBXFileReference; explicitFileType = undefined; fileEncoding = 9; includeInIndex = 0; lastKnownFileType = wrapper.framework; name = QuartzCore.framework; path = System/Library/Frameworks/QuartzCore.framework; sourceTree = SDKROOT; };
		EB87FDF31871DA8E0020F90C /* www */ = {isa = PBXFileReference; lastKnownFileType = folder; name = www; path = ../../www; sourceTree = "<group>"; };
		EB87FDF41871DAF40020F90C /* config.xml */ = {isa = PBXFileReference; lastKnownFileType = text.xml; name = config.xml; path = ../../config.xml; sourceTree = "<group>"; };
		ED33DF2A687741AEAF9F8254 /* Bridging-Header.h */ = {isa = PBXFileReference; fileEncoding = 4; lastKnownFileType = sourcecode.c.h; path = "Bridging-Header.h"; sourceTree = "<group>"; };
		F840E1F0165FE0F500CFE078 /* config.xml */ = {isa = PBXFileReference; lastKnownFileType = text.xml; name = config.xml; path = "HexaSalon 2018/config.xml"; sourceTree = "<group>"; };
		F8B1A6E43AFB47938F20842E /* CoreImage.framework */ = {isa = PBXFileReference; explicitFileType = undefined; fileEncoding = 9; includeInIndex = 0; lastKnownFileType = wrapper.framework; name = CoreImage.framework; path = System/Library/Frameworks/CoreImage.framework; sourceTree = SDKROOT; };
		6BC3F97E17604B308E2F9898 /* Diagnostic.m */ = {isa = PBXFileReference; name = "Diagnostic.m"; path = "cordova.plugins.diagnostic/Diagnostic.m"; sourceTree = "<group>"; fileEncoding = 4; lastKnownFileType = sourcecode.c.objc; explicitFileType = undefined; includeInIndex = 0; };
		E2634C4377434AC28A2FC254 /* Diagnostic_Location.m */ = {isa = PBXFileReference; name = "Diagnostic_Location.m"; path = "cordova.plugins.diagnostic/Diagnostic_Location.m"; sourceTree = "<group>"; fileEncoding = 4; lastKnownFileType = sourcecode.c.objc; explicitFileType = undefined; includeInIndex = 0; };
		6071715AA0E848A8BA17636F /* Diagnostic_Bluetooth.m */ = {isa = PBXFileReference; name = "Diagnostic_Bluetooth.m"; path = "cordova.plugins.diagnostic/Diagnostic_Bluetooth.m"; sourceTree = "<group>"; fileEncoding = 4; lastKnownFileType = sourcecode.c.objc; explicitFileType = undefined; includeInIndex = 0; };
		1000F4BC0EC74BFC90331A73 /* Diagnostic_Wifi.m */ = {isa = PBXFileReference; name = "Diagnostic_Wifi.m"; path = "cordova.plugins.diagnostic/Diagnostic_Wifi.m"; sourceTree = "<group>"; fileEncoding = 4; lastKnownFileType = sourcecode.c.objc; explicitFileType = undefined; includeInIndex = 0; };
		11F3E8F9B9AD4996BA72F1EF /* Diagnostic_Camera.m */ = {isa = PBXFileReference; name = "Diagnostic_Camera.m"; path = "cordova.plugins.diagnostic/Diagnostic_Camera.m"; sourceTree = "<group>"; fileEncoding = 4; lastKnownFileType = sourcecode.c.objc; explicitFileType = undefined; includeInIndex = 0; };
		D7D0E38116BA45B5AEABA223 /* Diagnostic_Notifications.m */ = {isa = PBXFileReference; name = "Diagnostic_Notifications.m"; path = "cordova.plugins.diagnostic/Diagnostic_Notifications.m"; sourceTree = "<group>"; fileEncoding = 4; lastKnownFileType = sourcecode.c.objc; explicitFileType = undefined; includeInIndex = 0; };
		1DA84820E1214E6D845F1FBB /* Diagnostic_Microphone.m */ = {isa = PBXFileReference; name = "Diagnostic_Microphone.m"; path = "cordova.plugins.diagnostic/Diagnostic_Microphone.m"; sourceTree = "<group>"; fileEncoding = 4; lastKnownFileType = sourcecode.c.objc; explicitFileType = undefined; includeInIndex = 0; };
		3AD0A2787FE347C5AAA1CCFA /* Diagnostic_Contacts.m */ = {isa = PBXFileReference; name = "Diagnostic_Contacts.m"; path = "cordova.plugins.diagnostic/Diagnostic_Contacts.m"; sourceTree = "<group>"; fileEncoding = 4; lastKnownFileType = sourcecode.c.objc; explicitFileType = undefined; includeInIndex = 0; };
		E5A2D083B07B47FFACE317A0 /* Diagnostic_Calendar.m */ = {isa = PBXFileReference; name = "Diagnostic_Calendar.m"; path = "cordova.plugins.diagnostic/Diagnostic_Calendar.m"; sourceTree = "<group>"; fileEncoding = 4; lastKnownFileType = sourcecode.c.objc; explicitFileType = undefined; includeInIndex = 0; };
		7C6D2C8912754D1AB93D4027 /* Diagnostic_Reminders.m */ = {isa = PBXFileReference; name = "Diagnostic_Reminders.m"; path = "cordova.plugins.diagnostic/Diagnostic_Reminders.m"; sourceTree = "<group>"; fileEncoding = 4; lastKnownFileType = sourcecode.c.objc; explicitFileType = undefined; includeInIndex = 0; };
		1A98955B773A4B1C9417E003 /* Diagnostic_Motion.m */ = {isa = PBXFileReference; name = "Diagnostic_Motion.m"; path = "cordova.plugins.diagnostic/Diagnostic_Motion.m"; sourceTree = "<group>"; fileEncoding = 4; lastKnownFileType = sourcecode.c.objc; explicitFileType = undefined; includeInIndex = 0; };
		263F4DDB3A44414C86142F68 /* Diagnostic.h */ = {isa = PBXFileReference; name = "Diagnostic.h"; path = "cordova.plugins.diagnostic/Diagnostic.h"; sourceTree = "<group>"; fileEncoding = 4; lastKnownFileType = sourcecode.c.h; explicitFileType = undefined; includeInIndex = 0; };
		C1D8BF689D4344B78A14A6E3 /* Diagnostic_Location.h */ = {isa = PBXFileReference; name = "Diagnostic_Location.h"; path = "cordova.plugins.diagnostic/Diagnostic_Location.h"; sourceTree = "<group>"; fileEncoding = 4; lastKnownFileType = sourcecode.c.h; explicitFileType = undefined; includeInIndex = 0; };
		0EFD04B67A4E4D0E968F4E65 /* Diagnostic_Bluetooth.h */ = {isa = PBXFileReference; name = "Diagnostic_Bluetooth.h"; path = "cordova.plugins.diagnostic/Diagnostic_Bluetooth.h"; sourceTree = "<group>"; fileEncoding = 4; lastKnownFileType = sourcecode.c.h; explicitFileType = undefined; includeInIndex = 0; };
		710E22AD8F304280B3BAF56D /* Diagnostic_Wifi.h */ = {isa = PBXFileReference; name = "Diagnostic_Wifi.h"; path = "cordova.plugins.diagnostic/Diagnostic_Wifi.h"; sourceTree = "<group>"; fileEncoding = 4; lastKnownFileType = sourcecode.c.h; explicitFileType = undefined; includeInIndex = 0; };
		6C468D8E8395408AA4FFF73A /* Diagnostic_Camera.h */ = {isa = PBXFileReference; name = "Diagnostic_Camera.h"; path = "cordova.plugins.diagnostic/Diagnostic_Camera.h"; sourceTree = "<group>"; fileEncoding = 4; lastKnownFileType = sourcecode.c.h; explicitFileType = undefined; includeInIndex = 0; };
		BA7FE341A4824CA9BA3E0F1A /* Diagnostic_Notifications.h */ = {isa = PBXFileReference; name = "Diagnostic_Notifications.h"; path = "cordova.plugins.diagnostic/Diagnostic_Notifications.h"; sourceTree = "<group>"; fileEncoding = 4; lastKnownFileType = sourcecode.c.h; explicitFileType = undefined; includeInIndex = 0; };
		5D60E85E16CF436783FB3662 /* Diagnostic_Microphone.h */ = {isa = PBXFileReference; name = "Diagnostic_Microphone.h"; path = "cordova.plugins.diagnostic/Diagnostic_Microphone.h"; sourceTree = "<group>"; fileEncoding = 4; lastKnownFileType = sourcecode.c.h; explicitFileType = undefined; includeInIndex = 0; };
		0816690DB40D4091A4DCC2D8 /* Diagnostic_Contacts.h */ = {isa = PBXFileReference; name = "Diagnostic_Contacts.h"; path = "cordova.plugins.diagnostic/Diagnostic_Contacts.h"; sourceTree = "<group>"; fileEncoding = 4; lastKnownFileType = sourcecode.c.h; explicitFileType = undefined; includeInIndex = 0; };
		26F8BFD971564DA58E1A2F05 /* Diagnostic_Calendar.h */ = {isa = PBXFileReference; name = "Diagnostic_Calendar.h"; path = "cordova.plugins.diagnostic/Diagnostic_Calendar.h"; sourceTree = "<group>"; fileEncoding = 4; lastKnownFileType = sourcecode.c.h; explicitFileType = undefined; includeInIndex = 0; };
		FDD889DE04454D778F199EA9 /* Diagnostic_Reminders.h */ = {isa = PBXFileReference; name = "Diagnostic_Reminders.h"; path = "cordova.plugins.diagnostic/Diagnostic_Reminders.h"; sourceTree = "<group>"; fileEncoding = 4; lastKnownFileType = sourcecode.c.h; explicitFileType = undefined; includeInIndex = 0; };
		901A3D3073534CAC9D24A7B3 /* Diagnostic_Motion.h */ = {isa = PBXFileReference; name = "Diagnostic_Motion.h"; path = "cordova.plugins.diagnostic/Diagnostic_Motion.h"; sourceTree = "<group>"; fileEncoding = 4; lastKnownFileType = sourcecode.c.h; explicitFileType = undefined; includeInIndex = 0; };
		A009FFBCC92243EE8040ACF9 /* CoreBluetooth.framework */ = {isa = PBXFileReference; name = "CoreBluetooth.framework"; path = "System/Library/Frameworks/CoreBluetooth.framework"; sourceTree = SDKROOT; fileEncoding = undefined; lastKnownFileType = wrapper.framework; explicitFileType = undefined; includeInIndex = 0; };
		AE05013021364D1A9089CBD5 /* Photos.framework */ = {isa = PBXFileReference; name = "Photos.framework"; path = "System/Library/Frameworks/Photos.framework"; sourceTree = SDKROOT; fileEncoding = undefined; lastKnownFileType = wrapper.framework; explicitFileType = undefined; includeInIndex = 0; };
		1AEF8A9799094B0192B2ADB7 /* UserNotifications.framework */ = {isa = PBXFileReference; name = "UserNotifications.framework"; path = "System/Library/Frameworks/UserNotifications.framework"; sourceTree = SDKROOT; fileEncoding = undefined; lastKnownFileType = wrapper.framework; explicitFileType = undefined; includeInIndex = 0; };
		CBF23368DA31405DB411290E /* Contacts.framework */ = {isa = PBXFileReference; name = "Contacts.framework"; path = "System/Library/Frameworks/Contacts.framework"; sourceTree = SDKROOT; fileEncoding = undefined; lastKnownFileType = wrapper.framework; explicitFileType = undefined; includeInIndex = 0; };
		61DB9BC56FB541C1A99FC0DF /* AddressBook.framework */ = {isa = PBXFileReference; name = "AddressBook.framework"; path = "System/Library/Frameworks/AddressBook.framework"; sourceTree = SDKROOT; fileEncoding = undefined; lastKnownFileType = wrapper.framework; explicitFileType = undefined; includeInIndex = 0; };
		C35C70F329234A45BA37EC88 /* EventKit.framework */ = {isa = PBXFileReference; name = "EventKit.framework"; path = "System/Library/Frameworks/EventKit.framework"; sourceTree = SDKROOT; fileEncoding = undefined; lastKnownFileType = wrapper.framework; explicitFileType = undefined; includeInIndex = 0; };
		398DDF5C0ABA41FF85B5C13A /* CoreMotion.framework */ = {isa = PBXFileReference; name = "CoreMotion.framework"; path = "System/Library/Frameworks/CoreMotion.framework"; sourceTree = SDKROOT; fileEncoding = undefined; lastKnownFileType = wrapper.framework; explicitFileType = undefined; includeInIndex = 0; };
		D74D9A9C6EB649828F80E350 /* UIImage+CropScaleOrientation.m */ = {isa = PBXFileReference; name = "UIImage+CropScaleOrientation.m"; path = "cordova-plugin-camera/UIImage+CropScaleOrientation.m"; sourceTree = "<group>"; fileEncoding = 4; lastKnownFileType = sourcecode.c.objc; explicitFileType = undefined; includeInIndex = 0; };
		7F5C1272718A462794B3B5C0 /* CDVCamera.m */ = {isa = PBXFileReference; name = "CDVCamera.m"; path = "cordova-plugin-camera/CDVCamera.m"; sourceTree = "<group>"; fileEncoding = 4; lastKnownFileType = sourcecode.c.objc; explicitFileType = undefined; includeInIndex = 0; };
		D73611CAC1FE4CD1ADB6AC18 /* CDVJpegHeaderWriter.m */ = {isa = PBXFileReference; name = "CDVJpegHeaderWriter.m"; path = "cordova-plugin-camera/CDVJpegHeaderWriter.m"; sourceTree = "<group>"; fileEncoding = 4; lastKnownFileType = sourcecode.c.objc; explicitFileType = undefined; includeInIndex = 0; };
		70EE1C9EC51D4AEF95065C05 /* UIImage+CropScaleOrientation.h */ = {isa = PBXFileReference; name = "UIImage+CropScaleOrientation.h"; path = "cordova-plugin-camera/UIImage+CropScaleOrientation.h"; sourceTree = "<group>"; fileEncoding = 4; lastKnownFileType = sourcecode.c.h; explicitFileType = undefined; includeInIndex = 0; };
		C636AE9077AB4F1E947E75B2 /* CDVCamera.h */ = {isa = PBXFileReference; name = "CDVCamera.h"; path = "cordova-plugin-camera/CDVCamera.h"; sourceTree = "<group>"; fileEncoding = 4; lastKnownFileType = sourcecode.c.h; explicitFileType = undefined; includeInIndex = 0; };
		037ACE406A8045D38F89E1A2 /* CDVJpegHeaderWriter.h */ = {isa = PBXFileReference; name = "CDVJpegHeaderWriter.h"; path = "cordova-plugin-camera/CDVJpegHeaderWriter.h"; sourceTree = "<group>"; fileEncoding = 4; lastKnownFileType = sourcecode.c.h; explicitFileType = undefined; includeInIndex = 0; };
		675310137860435EB0165DB7 /* CDVExif.h */ = {isa = PBXFileReference; name = "CDVExif.h"; path = "cordova-plugin-camera/CDVExif.h"; sourceTree = "<group>"; fileEncoding = 4; lastKnownFileType = sourcecode.c.h; explicitFileType = undefined; includeInIndex = 0; };
		6A071E1A08B5406D80C5061D /* ImageIO.framework */ = {isa = PBXFileReference; name = "ImageIO.framework"; path = "System/Library/Frameworks/ImageIO.framework"; sourceTree = SDKROOT; fileEncoding = undefined; lastKnownFileType = wrapper.framework; explicitFileType = undefined; includeInIndex = 0; };
/* End PBXFileReference section */

/* Begin PBXFrameworksBuildPhase section */
		1D60588F0D05DD3D006BFB54 /* Frameworks */ = {
			isa = PBXFrameworksBuildPhase;
			buildActionMask = 2147483647;
			files = (
				301BF552109A68D80062928A /* libCordova.a in Frameworks */,
				A531E37338D44B8EAEFE514F /* CoreLocation.framework in Frameworks */,
				C71A4286D2CE4A758BAB61FE /* AVFoundation.framework in Frameworks */,
				662705E3B58D43A0B4C4339F /* libiconv.dylib in Frameworks */,
				3FC22C629A6C46B2B4F28BFC /* CoreVideo.framework in Frameworks */,
				10A52CE0F9114A619FBEDD6E /* QuartzCore.framework in Frameworks */,
				A8CEFE703EB54D4EB8667C1C /* CoreImage.framework in Frameworks */,
				50BBA0EB099A4B66985E6FE2 /* AudioToolbox.framework in Frameworks */,
				E89EC5D230D642B0BCD2D4BC /* CoreBluetooth.framework in Frameworks */,
				DDDAEDB052A6465C927AFD18 /* Photos.framework in Frameworks */,
				941438CED7B645B3B9A57B75 /* UserNotifications.framework in Frameworks */,
				6BFCB72A886A4B58832D6C97 /* Contacts.framework in Frameworks */,
				347DA3F6312844D1A4161A4B /* AddressBook.framework in Frameworks */,
				F049EACBB7454A9193AC9590 /* EventKit.framework in Frameworks */,
				CEBE22C380DF4489BE27A5D2 /* CoreMotion.framework in Frameworks */,
				CFA78C7A175A41F8869F8245 /* ImageIO.framework in Frameworks */,
			);
			runOnlyForDeploymentPostprocessing = 0;
		};
/* End PBXFrameworksBuildPhase section */

/* Begin PBXGroup section */
		080E96DDFE201D6D7F000001 /* Classes */ = {
			isa = PBXGroup;
			children = (
				302D95EE14D2391D003F00A1 /* MainViewController.h */,
				302D95EF14D2391D003F00A1 /* MainViewController.m */,
				302D95F014D2391D003F00A1 /* MainViewController.xib */,
				1D3623240D0F684500981E51 /* AppDelegate.h */,
				1D3623250D0F684500981E51 /* AppDelegate.m */,
			);
			name = Classes;
			path = "HexaSalon 2018/Classes";
			sourceTree = SOURCE_ROOT;
		};
		19C28FACFE9D520D11CA2CBB /* Products */ = {
			isa = PBXGroup;
			children = (
				1D6058910D05DD3D006BFB54 /* HexaSalon 2018.app */,
			);
			name = Products;
			sourceTree = "<group>";
		};
		29B97314FDCFA39411CA2CEA /* CustomTemplate */ = {
			isa = PBXGroup;
			children = (
				EB87FDF41871DAF40020F90C /* config.xml */,
				EB87FDF31871DA8E0020F90C /* www */,
				EB87FDF11871DA420020F90C /* Staging */,
				301BF52D109A57CC0062928A /* CordovaLib/CordovaLib.xcodeproj */,
				080E96DDFE201D6D7F000001 /* Classes */,
				307C750510C5A3420062BCA9 /* Plugins */,
				29B97315FDCFA39411CA2CEA /* Other Sources */,
				29B97317FDCFA39411CA2CEA /* Resources */,
				29B97323FDCFA39411CA2CEA /* Frameworks */,
				19C28FACFE9D520D11CA2CBB /* Products */,
			);
			name = CustomTemplate;
			sourceTree = "<group>";
		};
		29B97315FDCFA39411CA2CEA /* Other Sources */ = {
			isa = PBXGroup;
			children = (
				32CA4F630368D1EE00C91783 /* HexaSalon 2018-Prefix.pch */,
				29B97316FDCFA39411CA2CEA /* main.m */,
				ED33DF2A687741AEAF9F8254 /* Bridging-Header.h */,
			);
			name = "Other Sources";
			path = "HexaSalon 2018";
			sourceTree = "<group>";
		};
		29B97317FDCFA39411CA2CEA /* Resources */ = {
			isa = PBXGroup;
			children = (
				0207DA571B56EA530066E2B4 /* Images.xcassets */,
				3047A50E1AB8057F00498E2A /* config */,
				8D1107310486CEB800E47090 /* HexaSalon 2018-Info.plist */,
				6AFF5BF81D6E424B00AB3073 /* CDVLaunchScreen.storyboard */,
				4F54380BF06442898420B03A /* scannerOverlay.xib */,
				8E4DB26DAEAC448BADB92F6A /* CDVBarcodeScanner.bundle */,
			);
			name = Resources;
			path = "HexaSalon 2018/Resources";
			sourceTree = "<group>";
		};
		29B97323FDCFA39411CA2CEA /* Frameworks */ = {
			isa = PBXGroup;
			children = (
				5B725B7D3A5F49729E64EAAC /* CoreLocation.framework */,
				1071199F4A974F4C8E40268B /* AVFoundation.framework */,
				709FBF3F086F48779A5487D5 /* libiconv.dylib */,
				34A1FD9DF7654AC49EEE6ED0 /* CoreVideo.framework */,
				BDF5D5F9C40245C29C52388B /* QuartzCore.framework */,
				F8B1A6E43AFB47938F20842E /* CoreImage.framework */,
				3471BF30549C4AF8BD3AA232 /* AudioToolbox.framework */,
				A009FFBCC92243EE8040ACF9 /* CoreBluetooth.framework */,
				AE05013021364D1A9089CBD5 /* Photos.framework */,
				1AEF8A9799094B0192B2ADB7 /* UserNotifications.framework */,
				CBF23368DA31405DB411290E /* Contacts.framework */,
				61DB9BC56FB541C1A99FC0DF /* AddressBook.framework */,
				C35C70F329234A45BA37EC88 /* EventKit.framework */,
				398DDF5C0ABA41FF85B5C13A /* CoreMotion.framework */,
				6A071E1A08B5406D80C5061D /* ImageIO.framework */,
			);
			name = Frameworks;
			sourceTree = "<group>";
		};
		301BF52E109A57CC0062928A /* Products */ = {
			isa = PBXGroup;
			children = (
				301BF535109A57CC0062928A /* libCordova.a */,
				3ED1AB19205C05BA005BB23D /* Cordova.framework */,
			);
			name = Products;
			sourceTree = "<group>";
		};
		3047A50E1AB8057F00498E2A /* config */ = {
			isa = PBXGroup;
			children = (
				3047A50F1AB8059700498E2A /* build-debug.xcconfig */,
				3047A5101AB8059700498E2A /* build-release.xcconfig */,
				3047A5111AB8059700498E2A /* build.xcconfig */,
			);
			name = config;
			sourceTree = "<group>";
		};
		307C750510C5A3420062BCA9 /* Plugins */ = {
			isa = PBXGroup;
			children = (
				B917BCA1BF574BDD9BDFA23B /* CDVBarcodeScanner.mm */,
				252143397EC1420890FCAE19 /* zxing-all-in-one.cpp */,
				B6E9EF301A5243649F1792D5 /* zxing-all-in-one.h */,
				0E135774577242199F470A16 /* CDVIonicKeyboard.m */,
				AE7448E1C3FD412E8513B654 /* CDVIonicKeyboard.h */,
				6BC3F97E17604B308E2F9898 /* Diagnostic.m */,
				E2634C4377434AC28A2FC254 /* Diagnostic_Location.m */,
				6071715AA0E848A8BA17636F /* Diagnostic_Bluetooth.m */,
				1000F4BC0EC74BFC90331A73 /* Diagnostic_Wifi.m */,
				11F3E8F9B9AD4996BA72F1EF /* Diagnostic_Camera.m */,
				D7D0E38116BA45B5AEABA223 /* Diagnostic_Notifications.m */,
				1DA84820E1214E6D845F1FBB /* Diagnostic_Microphone.m */,
				3AD0A2787FE347C5AAA1CCFA /* Diagnostic_Contacts.m */,
				E5A2D083B07B47FFACE317A0 /* Diagnostic_Calendar.m */,
				7C6D2C8912754D1AB93D4027 /* Diagnostic_Reminders.m */,
				1A98955B773A4B1C9417E003 /* Diagnostic_Motion.m */,
				263F4DDB3A44414C86142F68 /* Diagnostic.h */,
				C1D8BF689D4344B78A14A6E3 /* Diagnostic_Location.h */,
				0EFD04B67A4E4D0E968F4E65 /* Diagnostic_Bluetooth.h */,
				710E22AD8F304280B3BAF56D /* Diagnostic_Wifi.h */,
				6C468D8E8395408AA4FFF73A /* Diagnostic_Camera.h */,
				BA7FE341A4824CA9BA3E0F1A /* Diagnostic_Notifications.h */,
				5D60E85E16CF436783FB3662 /* Diagnostic_Microphone.h */,
				0816690DB40D4091A4DCC2D8 /* Diagnostic_Contacts.h */,
				26F8BFD971564DA58E1A2F05 /* Diagnostic_Calendar.h */,
				FDD889DE04454D778F199EA9 /* Diagnostic_Reminders.h */,
				901A3D3073534CAC9D24A7B3 /* Diagnostic_Motion.h */,
				D74D9A9C6EB649828F80E350 /* UIImage+CropScaleOrientation.m */,
				7F5C1272718A462794B3B5C0 /* CDVCamera.m */,
				D73611CAC1FE4CD1ADB6AC18 /* CDVJpegHeaderWriter.m */,
				70EE1C9EC51D4AEF95065C05 /* UIImage+CropScaleOrientation.h */,
				C636AE9077AB4F1E947E75B2 /* CDVCamera.h */,
				037ACE406A8045D38F89E1A2 /* CDVJpegHeaderWriter.h */,
				675310137860435EB0165DB7 /* CDVExif.h */,
			);
			name = Plugins;
			path = "HexaSalon 2018/Plugins";
			sourceTree = SOURCE_ROOT;
		};
		EB87FDF11871DA420020F90C /* Staging */ = {
			isa = PBXGroup;
			children = (
				F840E1F0165FE0F500CFE078 /* config.xml */,
				301BF56E109A69640062928A /* www */,
			);
			name = Staging;
			sourceTree = "<group>";
		};
/* End PBXGroup section */

/* Begin PBXNativeTarget section */
		1D6058900D05DD3D006BFB54 /* HexaSalon 2018 */ = {
			isa = PBXNativeTarget;
			buildConfigurationList = 1D6058960D05DD3E006BFB54 /* Build configuration list for PBXNativeTarget "HexaSalon 2018" */;
			buildPhases = (
				304B58A110DAC018002A0835 /* Copy www directory */,
				1D60588D0D05DD3D006BFB54 /* Resources */,
				1D60588E0D05DD3D006BFB54 /* Sources */,
				1D60588F0D05DD3D006BFB54 /* Frameworks */,
			);
			buildRules = (
			);
			dependencies = (
				301BF551109A68C00062928A /* PBXTargetDependency */,
			);
			name = "HexaSalon 2018";
			productName = "HexaSalon 2018";
			productReference = 1D6058910D05DD3D006BFB54 /* HexaSalon 2018.app */;
			productType = "com.apple.product-type.application";
		};
/* End PBXNativeTarget section */

/* Begin PBXProject section */
		29B97313FDCFA39411CA2CEA /* Project object */ = {
			isa = PBXProject;
			attributes = {
				LastUpgradeCheck = 510;
				TargetAttributes = {
					1D6058900D05DD3D006BFB54 = {
						DevelopmentTeam = X47Z8VWKC8;
						ProvisioningStyle = Manual;
					};
				};
			};
			buildConfigurationList = C01FCF4E08A954540054247B /* Build configuration list for PBXProject "HexaSalon 2018" */;
			compatibilityVersion = "Xcode 3.2";
			developmentRegion = English;
			hasScannedForEncodings = 1;
			knownRegions = (
				en,
			);
			mainGroup = 29B97314FDCFA39411CA2CEA /* CustomTemplate */;
			projectDirPath = "";
			projectReferences = (
				{
					ProductGroup = 301BF52E109A57CC0062928A /* Products */;
					ProjectRef = 301BF52D109A57CC0062928A /* CordovaLib/CordovaLib.xcodeproj */;
				},
			);
			projectRoot = "";
			targets = (
				1D6058900D05DD3D006BFB54 /* HexaSalon 2018 */,
			);
		};
/* End PBXProject section */

/* Begin PBXReferenceProxy section */
		301BF535109A57CC0062928A /* libCordova.a */ = {
			isa = PBXReferenceProxy;
			fileType = archive.ar;
			path = libCordova.a;
			remoteRef = 301BF534109A57CC0062928A /* PBXContainerItemProxy */;
			sourceTree = BUILT_PRODUCTS_DIR;
		};
		3ED1AB19205C05BA005BB23D /* Cordova.framework */ = {
			isa = PBXReferenceProxy;
			fileType = wrapper.framework;
			path = Cordova.framework;
			remoteRef = 3ED1AB18205C05BA005BB23D /* PBXContainerItemProxy */;
			sourceTree = BUILT_PRODUCTS_DIR;
		};
/* End PBXReferenceProxy section */

/* Begin PBXResourcesBuildPhase section */
		1D60588D0D05DD3D006BFB54 /* Resources */ = {
			isa = PBXResourcesBuildPhase;
			buildActionMask = 2147483647;
			files = (
				302D95F214D2391D003F00A1 /* MainViewController.xib in Resources */,
				0207DA581B56EA530066E2B4 /* Images.xcassets in Resources */,
				6AFF5BF91D6E424B00AB3073 /* CDVLaunchScreen.storyboard in Resources */,
				D2A9BBB92BDE434AA03D5125 /* scannerOverlay.xib in Resources */,
				6FE084B7FD9F404A9D6C0F8D /* CDVBarcodeScanner.bundle in Resources */,
			);
			runOnlyForDeploymentPostprocessing = 0;
		};
/* End PBXResourcesBuildPhase section */

/* Begin PBXShellScriptBuildPhase section */
		304B58A110DAC018002A0835 /* Copy www directory */ = {
			isa = PBXShellScriptBuildPhase;
			buildActionMask = 2147483647;
			files = (
			);
			inputPaths = (
			);
			name = "Copy www directory";
			outputPaths = (
			);
			runOnlyForDeploymentPostprocessing = 0;
			shellPath = /bin/sh;
			shellScript = "NODEJS_PATH=/usr/local/bin; NVM_NODE_PATH=~/.nvm/versions/node/`nvm version 2>/dev/null`/bin; N_NODE_PATH=`find /usr/local/n/versions/node/* -maxdepth 0 -type d 2>/dev/null | tail -1`/bin; XCODE_NODE_PATH=`xcode-select --print-path`/usr/share/xcs/Node/bin; PATH=$NODEJS_PATH:$NVM_NODE_PATH:$N_NODE_PATH:$XCODE_NODE_PATH:$PATH && node cordova/lib/copy-www-build-step.js";
			showEnvVarsInLog = 0;
		};
/* End PBXShellScriptBuildPhase section */

/* Begin PBXSourcesBuildPhase section */
		1D60588E0D05DD3D006BFB54 /* Sources */ = {
			isa = PBXSourcesBuildPhase;
			buildActionMask = 2147483647;
			files = (
				1D60589B0D05DD56006BFB54 /* main.m in Sources */,
				1D3623260D0F684500981E51 /* AppDelegate.m in Sources */,
				302D95F114D2391D003F00A1 /* MainViewController.m in Sources */,
				C2EE43183F224F128BB766CF /* CDVBarcodeScanner.mm in Sources */,
				38C878A4B3854D89869DA619 /* zxing-all-in-one.cpp in Sources */,
				62ADC3CF168A4A6794488F84 /* CDVIonicKeyboard.m in Sources */,
				202947A2160943CCBF0E9A26 /* Diagnostic.m in Sources */,
				00234DF650444AC3B95F029A /* Diagnostic_Location.m in Sources */,
				A54D85F1B9C642D9BBB77D1E /* Diagnostic_Bluetooth.m in Sources */,
				F943CBDEF51C432CA4F22DAC /* Diagnostic_Wifi.m in Sources */,
				00CB41ACB8A746FEA2F01BCE /* Diagnostic_Camera.m in Sources */,
				045228829A2F48D4BC317D38 /* Diagnostic_Notifications.m in Sources */,
				493998C569DC4FCC82B2A5B5 /* Diagnostic_Microphone.m in Sources */,
				AAE48C9F21604DCFAAAA362D /* Diagnostic_Contacts.m in Sources */,
				BE52437D755D4D9F9AC079E3 /* Diagnostic_Calendar.m in Sources */,
				2078E01629DE4BF18BE31BCD /* Diagnostic_Reminders.m in Sources */,
				670B138C4C28463084BAC35D /* Diagnostic_Motion.m in Sources */,
				660F2BA0ED9D4BD1BB9B6618 /* UIImage+CropScaleOrientation.m in Sources */,
				2A9AF65307C64602AE58B54E /* CDVCamera.m in Sources */,
				3EDDB90573294372909ED04E /* CDVJpegHeaderWriter.m in Sources */,
			);
			runOnlyForDeploymentPostprocessing = 0;
		};
/* End PBXSourcesBuildPhase section */

/* Begin PBXTargetDependency section */
		301BF551109A68C00062928A /* PBXTargetDependency */ = {
			isa = PBXTargetDependency;
			name = CordovaLib;
			targetProxy = 301BF550109A68C00062928A /* PBXContainerItemProxy */;
		};
/* End PBXTargetDependency section */

/* Begin XCBuildConfiguration section */
		1D6058940D05DD3E006BFB54 /* Debug */ = {
			isa = XCBuildConfiguration;
			baseConfigurationReference = 3047A50F1AB8059700498E2A /* build-debug.xcconfig */;
			buildSettings = {
				ALWAYS_SEARCH_USER_PATHS = NO;
				ASSETCATALOG_COMPILER_APPICON_NAME = AppIcon;
				ASSETCATALOG_COMPILER_LAUNCHIMAGE_NAME = LaunchImage;
				CLANG_ENABLE_MODULES = YES;
				CLANG_ENABLE_OBJC_ARC = YES;
				CODE_SIGN_STYLE = Manual;
				COPY_PHASE_STRIP = NO;
				CREATE_INFOPLIST_SECTION_IN_BINARY = YES;
				DEVELOPMENT_TEAM = X47Z8VWKC8;
				GCC_DYNAMIC_NO_PIC = NO;
				GCC_OPTIMIZATION_LEVEL = 0;
				GCC_PRECOMPILE_PREFIX_HEADER = YES;
				GCC_PREFIX_HEADER = "HexaSalon 2018/HexaSalon 2018-Prefix.pch";
				GCC_THUMB_SUPPORT = NO;
				GCC_VERSION = "";
				INFOPLIST_FILE = "HexaSalon 2018/HexaSalon 2018-Info.plist";
				IPHONEOS_DEPLOYMENT_TARGET = 9.0;
				LD_RUNPATH_SEARCH_PATHS = "@executable_path/Frameworks";
				PRODUCT_NAME = "HexaSalon 2018";
				PROVISIONING_PROFILE = "d884e4b6-61d8-4923-b6d2-5f9aa30bd52e";
				PROVISIONING_PROFILE_SPECIFIER = V13;
				TARGETED_DEVICE_FAMILY = "1,2";
			};
			name = Debug;
		};
		1D6058950D05DD3E006BFB54 /* Release */ = {
			isa = XCBuildConfiguration;
			baseConfigurationReference = 3047A5101AB8059700498E2A /* build-release.xcconfig */;
			buildSettings = {
				ALWAYS_SEARCH_USER_PATHS = NO;
				ASSETCATALOG_COMPILER_APPICON_NAME = AppIcon;
				ASSETCATALOG_COMPILER_LAUNCHIMAGE_NAME = LaunchImage;
				CLANG_ENABLE_MODULES = YES;
				CLANG_ENABLE_OBJC_ARC = YES;
				"CODE_SIGN_IDENTITY[sdk=iphoneos*]" = "iPhone Distribution";
				CODE_SIGN_STYLE = Manual;
				COPY_PHASE_STRIP = YES;
				CREATE_INFOPLIST_SECTION_IN_BINARY = YES;
				DEVELOPMENT_TEAM = X47Z8VWKC8;
				GCC_PRECOMPILE_PREFIX_HEADER = YES;
				GCC_PREFIX_HEADER = "HexaSalon 2018/HexaSalon 2018-Prefix.pch";
				GCC_THUMB_SUPPORT = NO;
				GCC_VERSION = "";
				INFOPLIST_FILE = "HexaSalon 2018/HexaSalon 2018-Info.plist";
				IPHONEOS_DEPLOYMENT_TARGET = 9.0;
				LD_RUNPATH_SEARCH_PATHS = "@executable_path/Frameworks";
				PRODUCT_NAME = "HexaSalon 2018";
				PROVISIONING_PROFILE = "ab900ca0-54a4-46a8-b266-bd2a75bce443";
				PROVISIONING_PROFILE_SPECIFIER = "Hexa Salon PROD";
				TARGETED_DEVICE_FAMILY = "1,2";
			};
			name = Release;
		};
		C01FCF4F08A954540054247B /* Debug */ = {
			isa = XCBuildConfiguration;
			baseConfigurationReference = 3047A5111AB8059700498E2A /* build.xcconfig */;
			buildSettings = {
				CLANG_ENABLE_MODULES = YES;
				CLANG_ENABLE_OBJC_ARC = YES;
				CLANG_WARN_BOOL_CONVERSION = YES;
				CLANG_WARN_CONSTANT_CONVERSION = YES;
				CLANG_WARN_EMPTY_BODY = YES;
				CLANG_WARN_ENUM_CONVERSION = YES;
				CLANG_WARN_INT_CONVERSION = YES;
				CLANG_WARN__DUPLICATE_METHOD_MATCH = YES;
				GCC_C_LANGUAGE_STANDARD = c99;
				GCC_THUMB_SUPPORT = NO;
				GCC_VERSION = "";
				GCC_WARN_ABOUT_RETURN_TYPE = YES;
				GCC_WARN_UNDECLARED_SELECTOR = YES;
				GCC_WARN_UNINITIALIZED_AUTOS = YES;
				GCC_WARN_UNUSED_FUNCTION = YES;
				GCC_WARN_UNUSED_VARIABLE = YES;
				ONLY_ACTIVE_ARCH = YES;
				SDKROOT = iphoneos;
				SKIP_INSTALL = NO;
			};
			name = Debug;
		};
		C01FCF5008A954540054247B /* Release */ = {
			isa = XCBuildConfiguration;
			baseConfigurationReference = 3047A5111AB8059700498E2A /* build.xcconfig */;
			buildSettings = {
				CLANG_ENABLE_MODULES = YES;
				CLANG_ENABLE_OBJC_ARC = YES;
				CLANG_WARN_BOOL_CONVERSION = YES;
				CLANG_WARN_CONSTANT_CONVERSION = YES;
				CLANG_WARN_EMPTY_BODY = YES;
				CLANG_WARN_ENUM_CONVERSION = YES;
				CLANG_WARN_INT_CONVERSION = YES;
				CLANG_WARN__DUPLICATE_METHOD_MATCH = YES;
				GCC_C_LANGUAGE_STANDARD = c99;
				GCC_THUMB_SUPPORT = NO;
				GCC_VERSION = "";
				GCC_WARN_ABOUT_RETURN_TYPE = YES;
				GCC_WARN_UNDECLARED_SELECTOR = YES;
				GCC_WARN_UNINITIALIZED_AUTOS = YES;
				GCC_WARN_UNUSED_FUNCTION = YES;
				GCC_WARN_UNUSED_VARIABLE = YES;
				SDKROOT = iphoneos;
				SKIP_INSTALL = NO;
			};
			name = Release;
		};
/* End XCBuildConfiguration section */

/* Begin XCConfigurationList section */
		1D6058960D05DD3E006BFB54 /* Build configuration list for PBXNativeTarget "HexaSalon 2018" */ = {
			isa = XCConfigurationList;
			buildConfigurations = (
				1D6058940D05DD3E006BFB54 /* Debug */,
				1D6058950D05DD3E006BFB54 /* Release */,
			);
			defaultConfigurationIsVisible = 0;
			defaultConfigurationName = Release;
		};
		C01FCF4E08A954540054247B /* Build configuration list for PBXProject "HexaSalon 2018" */ = {
			isa = XCConfigurationList;
			buildConfigurations = (
				C01FCF4F08A954540054247B /* Debug */,
				C01FCF5008A954540054247B /* Release */,
			);
			defaultConfigurationIsVisible = 0;
			defaultConfigurationName = Release;
		};
/* End XCConfigurationList section */
	};
	rootObject = 29B97313FDCFA39411CA2CEA /* Project object */;
}
